
Microsoft Visual Studio Solution File, Format Version 12.00
# Visual Studio Version 17
VisualStudioVersion = 17.1.32319.34
MinimumVisualStudioVersion = 10.0.40219.1
Project("{FAE04EC0-301F-11D3-BF4B-00C04F79EFBC}") = "ShopApi", "ShopApi\ShopApi.csproj", "{551489BC-4F56-4ECB-9392-7E8C62A52999}"
EndProject
Global
	GlobalSection(SolutionConfigurationPlatforms) = preSolution
		Debug|Any CPU = Debug|Any CPU
		Release|Any CPU = Release|Any CPU
	EndGlobalSection
	GlobalSection(ProjectConfigurationPlatforms) = postSolution
		{551489BC-4F56-4ECB-9392-7E8C62A52999}.Debug|Any CPU.ActiveCfg = Debug|Any CPU
		{551489BC-4F56-4ECB-9392-7E8C62A52999}.Debug|Any CPU.Build.0 = Debug|Any CPU
		{551489BC-4F56-4ECB-9392-7E8C62A52999}.Release|Any CPU.ActiveCfg = Release|Any CPU
		{551489BC-4F56-4ECB-9392-7E8C62A52999}.Release|Any CPU.Build.0 = Release|Any CPU
	EndGlobalSection
	GlobalSection(SolutionProperties) = preSolution
		HideSolutionNode = FALSE
	EndGlobalSection
	GlobalSection(ExtensibilityGlobals) = postSolution
		SolutionGuid = {E7E3A80C-58F9-49FC-AD48-4A92DDF684C2}
	EndGlobalSection
EndGlobal
